
Microsoft Visual Studio Solution File, Format Version 12.00
# Visual Studio Version 17
VisualStudioVersion = 17.8.34004.107
MinimumVisualStudioVersion = 10.0.40219.1
Project("{FAE04EC0-301F-11D3-BF4B-00C04F79EFBC}") = "ChatGPT", "ChatGPT\ChatGPT.csproj", "{2A7EE287-5E76-496A-8EC5-2F03D6CD8513}"
EndProject
Global
	GlobalSection(SolutionConfigurationPlatforms) = preSolution
		Debug|Any CPU = Debug|Any CPU
		Release|Any CPU = Release|Any CPU
	EndGlobalSection
	GlobalSection(ProjectConfigurationPlatforms) = postSolution
		{2A7EE287-5E76-496A-8EC5-2F03D6CD8513}.Debug|Any CPU.ActiveCfg = Debug|Any CPU
		{2A7EE287-5E76-496A-8EC5-2F03D6CD8513}.Debug|Any CPU.Build.0 = Debug|Any CPU
		{2A7EE287-5E76-496A-8EC5-2F03D6CD8513}.Release|Any CPU.ActiveCfg = Release|Any CPU
		{2A7EE287-5E76-496A-8EC5-2F03D6CD8513}.Release|Any CPU.Build.0 = Release|Any CPU
	EndGlobalSection
	GlobalSection(SolutionProperties) = preSolution
		HideSolutionNode = FALSE
	EndGlobalSection
	GlobalSection(ExtensibilityGlobals) = postSolution
		SolutionGuid = {760A51A4-E209-4748-986A-22E6EBE610A5}
	EndGlobalSection
EndGlobal
